
Microsoft Visual Studio Solution File, Format Version 12.00
# Visual Studio Version 16
VisualStudioVersion = 16.0.32901.82
MinimumVisualStudioVersion = 10.0.40219.1
Project("{FAE04EC0-301F-11D3-BF4B-00C04F79EFBC}") = "JohnRafaelNacional09172022", "JohnRafaelNacional09172022.csproj", "{32AAED1B-DA80-4C73-9AB3-8D6E577F252C}"
EndProject
Global
	GlobalSection(SolutionConfigurationPlatforms) = preSolution
		Debug|Any CPU = Debug|Any CPU
		Release|Any CPU = Release|Any CPU
	EndGlobalSection
	GlobalSection(ProjectConfigurationPlatforms) = postSolution
		{32AAED1B-DA80-4C73-9AB3-8D6E577F252C}.Debug|Any CPU.ActiveCfg = Debug|Any CPU
		{32AAED1B-DA80-4C73-9AB3-8D6E577F252C}.Debug|Any CPU.Build.0 = Debug|Any CPU
		{32AAED1B-DA80-4C73-9AB3-8D6E577F252C}.Release|Any CPU.ActiveCfg = Release|Any CPU
		{32AAED1B-DA80-4C73-9AB3-8D6E577F252C}.Release|Any CPU.Build.0 = Release|Any CPU
	EndGlobalSection
	GlobalSection(SolutionProperties) = preSolution
		HideSolutionNode = FALSE
	EndGlobalSection
	GlobalSection(ExtensibilityGlobals) = postSolution
		SolutionGuid = {4C26DC82-CDE6-492A-A085-F81FF4139223}
	EndGlobalSection
EndGlobal
